{
  "name": "datastructuresbymick",
  "version": "1.1.2",
  "lockfileVersion": 3,
  "requires": true,
  "packages": {
    "": {
      "name": "datastructuresbymick",
      "version": "1.1.2",
      "license": "MIT",
      "dependencies": {
        "fileuploadutilitybymicky": "^1.0.1"
      }
    },
    "node_modules/datastructuresbymick": {
      "version": "1.0.0",
      "resolved": "https://registry.npmjs.org/datastructuresbymick/-/datastructuresbymick-1.0.0.tgz",
      "integrity": "sha512-8HJ/kqsDl9qy3/ntsB9hqRN3WJ2O+CNpEpR/dlNq1U31fBk0Z6mYyqfT3OlkfLj/lj1ql+b4nBwyaqLqnMGspQ=="
    },
    "node_modules/fileuploadutilitybymicky": {
      "version": "1.0.1",
      "resolved": "https://registry.npmjs.org/fileuploadutilitybymicky/-/fileuploadutilitybymicky-1.0.1.tgz",
      "integrity": "sha512-fJ4ntV2Z/AZUSeKscCg4/4mMA3nwn0BU0tiZJGEpFTHe2MJMunv7Lyz6iLtVRvFrncySz/z7MvjGKZzn8Ub2zw==",
      "dependencies": {
        "datastructuresbymick": "^1.0.0"
      }
    }
  }
}
